
Microsoft Visual Studio Solution File, Format Version 12.00
# Visual Studio 14
VisualStudioVersion = 14.0.25420.1
MinimumVisualStudioVersion = 10.0.40219.1
Project("{FAE04EC0-301F-11D3-BF4B-00C04F79EFBC}") = "ContosoWeb", "ContosoWeb\ContosoWeb.csproj", "{73C35DFA-9771-4978-BE76-F40A61A3AA5D}"
EndProject
Project("{FAE04EC0-301F-11D3-BF4B-00C04F79EFBC}") = "Contoso.Data", "Contoso.Models\Contoso.Data.csproj", "{E9F99D6C-D3D2-4FBD-9ABB-78AFE37235F4}"
EndProject
Project("{FAE04EC0-301F-11D3-BF4B-00C04F79EFBC}") = "Contoso.Model", "Contoso.Data\Contoso.Model.csproj", "{0E000D31-C0E2-49AE-B64C-EFBF736D4626}"
EndProject
Project("{FAE04EC0-301F-11D3-BF4B-00C04F79EFBC}") = "Contoso.Utility", "Contoso.Utility\Contoso.Utility.csproj", "{2EAA8F25-1E8D-4C55-A312-FD2801EDF0B7}"
EndProject
Project("{FAE04EC0-301F-11D3-BF4B-00C04F79EFBC}") = "Consoto.Service", "Consoto.Service\Consoto.Service.csproj", "{CD939025-5AD9-463C-A91C-8B3EF59AFC1B}"
EndProject
Global
	GlobalSection(SolutionConfigurationPlatforms) = preSolution
		Debug|Any CPU = Debug|Any CPU
		Release|Any CPU = Release|Any CPU
	EndGlobalSection
	GlobalSection(ProjectConfigurationPlatforms) = postSolution
		{73C35DFA-9771-4978-BE76-F40A61A3AA5D}.Debug|Any CPU.ActiveCfg = Debug|Any CPU
		{73C35DFA-9771-4978-BE76-F40A61A3AA5D}.Debug|Any CPU.Build.0 = Debug|Any CPU
		{73C35DFA-9771-4978-BE76-F40A61A3AA5D}.Release|Any CPU.ActiveCfg = Release|Any CPU
		{73C35DFA-9771-4978-BE76-F40A61A3AA5D}.Release|Any CPU.Build.0 = Release|Any CPU
		{E9F99D6C-D3D2-4FBD-9ABB-78AFE37235F4}.Debug|Any CPU.ActiveCfg = Debug|Any CPU
		{E9F99D6C-D3D2-4FBD-9ABB-78AFE37235F4}.Debug|Any CPU.Build.0 = Debug|Any CPU
		{E9F99D6C-D3D2-4FBD-9ABB-78AFE37235F4}.Release|Any CPU.ActiveCfg = Release|Any CPU
		{E9F99D6C-D3D2-4FBD-9ABB-78AFE37235F4}.Release|Any CPU.Build.0 = Release|Any CPU
		{0E000D31-C0E2-49AE-B64C-EFBF736D4626}.Debug|Any CPU.ActiveCfg = Debug|Any CPU
		{0E000D31-C0E2-49AE-B64C-EFBF736D4626}.Debug|Any CPU.Build.0 = Debug|Any CPU
		{0E000D31-C0E2-49AE-B64C-EFBF736D4626}.Release|Any CPU.ActiveCfg = Release|Any CPU
		{0E000D31-C0E2-49AE-B64C-EFBF736D4626}.Release|Any CPU.Build.0 = Release|Any CPU
		{2EAA8F25-1E8D-4C55-A312-FD2801EDF0B7}.Debug|Any CPU.ActiveCfg = Debug|Any CPU
		{2EAA8F25-1E8D-4C55-A312-FD2801EDF0B7}.Debug|Any CPU.Build.0 = Debug|Any CPU
		{2EAA8F25-1E8D-4C55-A312-FD2801EDF0B7}.Release|Any CPU.ActiveCfg = Release|Any CPU
		{2EAA8F25-1E8D-4C55-A312-FD2801EDF0B7}.Release|Any CPU.Build.0 = Release|Any CPU
		{CD939025-5AD9-463C-A91C-8B3EF59AFC1B}.Debug|Any CPU.ActiveCfg = Debug|Any CPU
		{CD939025-5AD9-463C-A91C-8B3EF59AFC1B}.Debug|Any CPU.Build.0 = Debug|Any CPU
		{CD939025-5AD9-463C-A91C-8B3EF59AFC1B}.Release|Any CPU.ActiveCfg = Release|Any CPU
		{CD939025-5AD9-463C-A91C-8B3EF59AFC1B}.Release|Any CPU.Build.0 = Release|Any CPU
	EndGlobalSection
	GlobalSection(SolutionProperties) = preSolution
		HideSolutionNode = FALSE
	EndGlobalSection
EndGlobal
